{
  "name": "computron5k",
  "version": "1.0.0",
  "lockfileVersion": 2,
  "requires": true,
  "packages": {
    "": {
      "name": "computron5k",
      "version": "1.0.0",
      "license": "ISC",
      "devDependencies": {
        "prettier": "^2.6.2",
        "typescript": "^4.7.0-dev.20220416"
      }
    },
    "node_modules/prettier": {
      "version": "2.6.2",
      "resolved": "https://registry.npmjs.org/prettier/-/prettier-2.6.2.tgz",
      "integrity": "sha512-PkUpF+qoXTqhOeWL9fu7As8LXsIUZ1WYaJiY/a7McAQzxjk82OF0tibkFXVCDImZtWxbvojFjerkiLb0/q8mew==",
      "dev": true,
      "bin": {
        "prettier": "bin-prettier.js"
      },
      "engines": {
        "node": ">=10.13.0"
      },
      "funding": {
        "url": "https://github.com/prettier/prettier?sponsor=1"
      }
    },
    "node_modules/typescript": {
      "version": "4.7.0-dev.20220416",
      "resolved": "https://registry.npmjs.org/typescript/-/typescript-4.7.0-dev.20220416.tgz",
      "integrity": "sha512-kLTJ+78UAvgU/f8S7EjoS5OiFP5MVcaRsO96jNXqKYnv5gT8398adbgll2EWf9w4ANDWJUo8JJwx+rKqRpTubQ==",
      "dev": true,
      "bin": {
        "tsc": "bin/tsc",
        "tsserver": "bin/tsserver"
      },
      "engines": {
        "node": ">=4.2.0"
      }
    }
  },
  "dependencies": {
    "prettier": {
      "version": "2.6.2",
      "resolved": "https://registry.npmjs.org/prettier/-/prettier-2.6.2.tgz",
      "integrity": "sha512-PkUpF+qoXTqhOeWL9fu7As8LXsIUZ1WYaJiY/a7McAQzxjk82OF0tibkFXVCDImZtWxbvojFjerkiLb0/q8mew==",
      "dev": true
    },
    "typescript": {
      "version": "4.7.0-dev.20220416",
      "resolved": "https://registry.npmjs.org/typescript/-/typescript-4.7.0-dev.20220416.tgz",
      "integrity": "sha512-kLTJ+78UAvgU/f8S7EjoS5OiFP5MVcaRsO96jNXqKYnv5gT8398adbgll2EWf9w4ANDWJUo8JJwx+rKqRpTubQ==",
      "dev": true
    }
  }
}
